
Microsoft Visual Studio Solution File, Format Version 12.00
# Visual Studio Version 16
VisualStudioVersion = 16.0.29519.87
MinimumVisualStudioVersion = 10.0.40219.1
Project("{9A19103F-16F7-4668-BE54-9A1E7A4F7556}") = "CampusResourceSharingPlatform.Web", "CampusResourceSharingPlatform.Web\CampusResourceSharingPlatform.Web.csproj", "{F5FBBF04-6D58-4245-9A43-B1C68DDB3CEB}"
EndProject
Project("{9A19103F-16F7-4668-BE54-9A1E7A4F7556}") = "CampusResourceSharingPlatform.Interface", "CampusResourceSharingPlatform.Interface\CampusResourceSharingPlatform.Interface.csproj", "{9F385944-C71B-4AAE-B8A0-31958D6DA18A}"
EndProject
Project("{9A19103F-16F7-4668-BE54-9A1E7A4F7556}") = "CampusResourceSharingPlatform.Service", "CampusResourceSharingPlatform.Service\CampusResourceSharingPlatform.Service.csproj", "{45F90ADD-0149-4EA9-ACFA-A22F3C3DDE94}"
EndProject
Project("{9A19103F-16F7-4668-BE54-9A1E7A4F7556}") = "CampusResourceSharingPlatform.Model", "CampusResourceSharingPlatform.Model\CampusResourceSharingPlatform.Model.csproj", "{7E7E419C-0140-4FB1-9A83-D796C87CF1A8}"
EndProject
Global
	GlobalSection(SolutionConfigurationPlatforms) = preSolution
		Debug|Any CPU = Debug|Any CPU
		Release|Any CPU = Release|Any CPU
	EndGlobalSection
	GlobalSection(ProjectConfigurationPlatforms) = postSolution
		{F5FBBF04-6D58-4245-9A43-B1C68DDB3CEB}.Debug|Any CPU.ActiveCfg = Debug|Any CPU
		{F5FBBF04-6D58-4245-9A43-B1C68DDB3CEB}.Debug|Any CPU.Build.0 = Debug|Any CPU
		{F5FBBF04-6D58-4245-9A43-B1C68DDB3CEB}.Release|Any CPU.ActiveCfg = Release|Any CPU
		{F5FBBF04-6D58-4245-9A43-B1C68DDB3CEB}.Release|Any CPU.Build.0 = Release|Any CPU
		{9F385944-C71B-4AAE-B8A0-31958D6DA18A}.Debug|Any CPU.ActiveCfg = Debug|Any CPU
		{9F385944-C71B-4AAE-B8A0-31958D6DA18A}.Debug|Any CPU.Build.0 = Debug|Any CPU
		{9F385944-C71B-4AAE-B8A0-31958D6DA18A}.Release|Any CPU.ActiveCfg = Release|Any CPU
		{9F385944-C71B-4AAE-B8A0-31958D6DA18A}.Release|Any CPU.Build.0 = Release|Any CPU
		{45F90ADD-0149-4EA9-ACFA-A22F3C3DDE94}.Debug|Any CPU.ActiveCfg = Debug|Any CPU
		{45F90ADD-0149-4EA9-ACFA-A22F3C3DDE94}.Debug|Any CPU.Build.0 = Debug|Any CPU
		{45F90ADD-0149-4EA9-ACFA-A22F3C3DDE94}.Release|Any CPU.ActiveCfg = Release|Any CPU
		{45F90ADD-0149-4EA9-ACFA-A22F3C3DDE94}.Release|Any CPU.Build.0 = Release|Any CPU
		{7E7E419C-0140-4FB1-9A83-D796C87CF1A8}.Debug|Any CPU.ActiveCfg = Debug|Any CPU
		{7E7E419C-0140-4FB1-9A83-D796C87CF1A8}.Debug|Any CPU.Build.0 = Debug|Any CPU
		{7E7E419C-0140-4FB1-9A83-D796C87CF1A8}.Release|Any CPU.ActiveCfg = Release|Any CPU
		{7E7E419C-0140-4FB1-9A83-D796C87CF1A8}.Release|Any CPU.Build.0 = Release|Any CPU
	EndGlobalSection
	GlobalSection(SolutionProperties) = preSolution
		HideSolutionNode = FALSE
	EndGlobalSection
	GlobalSection(ExtensibilityGlobals) = postSolution
		SolutionGuid = {B797C807-8B10-4A42-A89D-9031775A5076}
	EndGlobalSection
EndGlobal
